// !$*UTF8*$!
{
	archiveVersion = 1;
	classes = {
	};
	objectVersion = 46;
	objects = {

/* Begin PBXBuildFile section */
		A387E6BE1E77C04000E15ABD /* AppDelegate.swift in Sources */ = {isa = PBXBuildFile; fileRef = A387E6BD1E77C04000E15ABD /* AppDelegate.swift */; };
		A387E6C01E77C04000E15ABD /* FaceViewController.swift in Sources */ = {isa = PBXBuildFile; fileRef = A387E6BF1E77C04000E15ABD /* FaceViewController.swift */; };
		A387E6C31E77C04000E15ABD /* Main.storyboard in Resources */ = {isa = PBXBuildFile; fileRef = A387E6C11E77C04000E15ABD /* Main.storyboard */; };
		A387E6C51E77C04000E15ABD /* Assets.xcassets in Resources */ = {isa = PBXBuildFile; fileRef = A387E6C41E77C04000E15ABD /* Assets.xcassets */; };
		A387E6C81E77C04000E15ABD /* LaunchScreen.storyboard in Resources */ = {isa = PBXBuildFile; fileRef = A387E6C61E77C04000E15ABD /* LaunchScreen.storyboard */; };
		A387E6D01E77C27B00E15ABD /* CatFilter.swift in Sources */ = {isa = PBXBuildFile; fileRef = A387E6CF1E77C27B00E15ABD /* CatFilter.swift */; };
		A387E6D21E77C69500E15ABD /* FilterSelectionViewController.swift in Sources */ = {isa = PBXBuildFile; fileRef = A387E6D11E77C69500E15ABD /* FilterSelectionViewController.swift */; };
/* End PBXBuildFile section */

/* Begin PBXFileReference section */
		A387E6BA1E77C03F00E15ABD /* Snapcat.app */ = {isa = PBXFileReference; explicitFileType = wrapper.application; includeInIndex = 0; path = Snapcat.app; sourceTree = BUILT_PRODUCTS_DIR; };
		A387E6BD1E77C04000E15ABD /* AppDelegate.swift */ = {isa = PBXFileReference; lastKnownFileType = sourcecode.swift; path = AppDelegate.swift; sourceTree = "<group>"; };
		A387E6BF1E77C04000E15ABD /* FaceViewController.swift */ = {isa = PBXFileReference; lastKnownFileType = sourcecode.swift; path = FaceViewController.swift; sourceTree = "<group>"; };
		A387E6C21E77C04000E15ABD /* Base */ = {isa = PBXFileReference; lastKnownFileType = file.storyboard; name = Base; path = Base.lproj/Main.storyboard; sourceTree = "<group>"; };
		A387E6C41E77C04000E15ABD /* Assets.xcassets */ = {isa = PBXFileReference; lastKnownFileType = folder.assetcatalog; path = Assets.xcassets; sourceTree = "<group>"; };
		A387E6C71E77C04000E15ABD /* Base */ = {isa = PBXFileReference; lastKnownFileType = file.storyboard; name = Base; path = Base.lproj/LaunchScreen.storyboard; sourceTree = "<group>"; };
		A387E6C91E77C04000E15ABD /* Info.plist */ = {isa = PBXFileReference; lastKnownFileType = text.plist.xml; path = Info.plist; sourceTree = "<group>"; };
		A387E6CF1E77C27B00E15ABD /* CatFilter.swift */ = {isa = PBXFileReference; fileEncoding = 4; lastKnownFileType = sourcecode.swift; path = CatFilter.swift; sourceTree = "<group>"; };
		A387E6D11E77C69500E15ABD /* FilterSelectionViewController.swift */ = {isa = PBXFileReference; fileEncoding = 4; lastKnownFileType = sourcecode.swift; path = FilterSelectionViewController.swift; sourceTree = "<group>"; };
/* End PBXFileReference section */

/* Begin PBXFrameworksBuildPhase section */
		A387E6B71E77C03F00E15ABD /* Frameworks */ = {
			isa = PBXFrameworksBuildPhase;
			buildActionMask = 2147483647;
			files = (
			);
			runOnlyForDeploymentPostprocessing = 0;
		};
/* End PBXFrameworksBuildPhase section */

/* Begin PBXGroup section */
		A387E6B11E77C03F00E15ABD = {
			isa = PBXGroup;
			children = (
				A387E6BC1E77C03F00E15ABD /* Snapcat */,
				A387E6BB1E77C03F00E15ABD /* Products */,
			);
			sourceTree = "<group>";
		};
		A387E6BB1E77C03F00E15ABD /* Products */ = {
			isa = PBXGroup;
			children = (
				A387E6BA1E77C03F00E15ABD /* Snapcat.app */,
			);
			name = Products;
			sourceTree = "<group>";
		};
		A387E6BC1E77C03F00E15ABD /* Snapcat */ = {
			isa = PBXGroup;
			children = (
				A387E6BD1E77C04000E15ABD /* AppDelegate.swift */,
				A387E6BF1E77C04000E15ABD /* FaceViewController.swift */,
				A387E6CF1E77C27B00E15ABD /* CatFilter.swift */,
				A387E6D11E77C69500E15ABD /* FilterSelectionViewController.swift */,
				A387E6C11E77C04000E15ABD /* Main.storyboard */,
				A387E6C41E77C04000E15ABD /* Assets.xcassets */,
				A387E6C61E77C04000E15ABD /* LaunchScreen.storyboard */,
				A387E6C91E77C04000E15ABD /* Info.plist */,
			);
			path = Snapcat;
			sourceTree = "<group>";
		};
/* End PBXGroup section */

/* Begin PBXNativeTarget section */
		A387E6B91E77C03F00E15ABD /* Snapcat */ = {
			isa = PBXNativeTarget;
			buildConfigurationList = A387E6CC1E77C04000E15ABD /* Build configuration list for PBXNativeTarget "Snapcat" */;
			buildPhases = (
				A387E6B61E77C03F00E15ABD /* Sources */,
				A387E6B71E77C03F00E15ABD /* Frameworks */,
				A387E6B81E77C03F00E15ABD /* Resources */,
			);
			buildRules = (
			);
			dependencies = (
			);
			name = Snapcat;
			productName = Snapcat;
			productReference = A387E6BA1E77C03F00E15ABD /* Snapcat.app */;
			productType = "com.apple.product-type.application";
		};
/* End PBXNativeTarget section */

/* Begin PBXProject section */
		A387E6B21E77C03F00E15ABD /* Project object */ = {
			isa = PBXProject;
			attributes = {
				LastSwiftUpdateCheck = 0820;
				LastUpgradeCheck = 0820;
				ORGANIZATIONNAME = "Luke Brody";
				TargetAttributes = {
					A387E6B91E77C03F00E15ABD = {
						CreatedOnToolsVersion = 8.2.1;
						DevelopmentTeam = 287V7UTN9V;
						ProvisioningStyle = Automatic;
					};
				};
			};
			buildConfigurationList = A387E6B51E77C03F00E15ABD /* Build configuration list for PBXProject "Snapcat" */;
			compatibilityVersion = "Xcode 3.2";
			developmentRegion = English;
			hasScannedForEncodings = 0;
			knownRegions = (
				en,
				Base,
			);
			mainGroup = A387E6B11E77C03F00E15ABD;
			productRefGroup = A387E6BB1E77C03F00E15ABD /* Products */;
			projectDirPath = "";
			projectRoot = "";
			targets = (
				A387E6B91E77C03F00E15ABD /* Snapcat */,
			);
		};
/* End PBXProject section */

/* Begin PBXResourcesBuildPhase section */
		A387E6B81E77C03F00E15ABD /* Resources */ = {
			isa = PBXResourcesBuildPhase;
			buildActionMask = 2147483647;
			files = (
				A387E6C81E77C04000E15ABD /* LaunchScreen.storyboard in Resources */,
				A387E6C51E77C04000E15ABD /* Assets.xcassets in Resources */,
				A387E6C31E77C04000E15ABD /* Main.storyboard in Resources */,
			);
			runOnlyForDeploymentPostprocessing = 0;
		};
/* End PBXResourcesBuildPhase section */

/* Begin PBXSourcesBuildPhase section */
		A387E6B61E77C03F00E15ABD /* Sources */ = {
			isa = PBXSourcesBuildPhase;
			buildActionMask = 2147483647;
			files = (
				A387E6C01E77C04000E15ABD /* FaceViewController.swift in Sources */,
				A387E6D21E77C69500E15ABD /* FilterSelectionViewController.swift in Sources */,
				A387E6D01E77C27B00E15ABD /* CatFilter.swift in Sources */,
				A387E6BE1E77C04000E15ABD /* AppDelegate.swift in Sources */,
			);
			runOnlyForDeploymentPostprocessing = 0;
		};
/* End PBXSourcesBuildPhase section */

/* Begin PBXVariantGroup section */
		A387E6C11E77C04000E15ABD /* Main.storyboard */ = {
			isa = PBXVariantGroup;
			children = (
				A387E6C21E77C04000E15ABD /* Base */,
			);
			name = Main.storyboard;
			sourceTree = "<group>";
		};
		A387E6C61E77C04000E15ABD /* LaunchScreen.storyboard */ = {
			isa = PBXVariantGroup;
			children = (
				A387E6C71E77C04000E15ABD /* Base */,
			);
			name = LaunchScreen.storyboard;
			sourceTree = "<group>";
		};
/* End PBXVariantGroup section */

/* Begin XCBuildConfiguration section */
		A387E6CA1E77C04000E15ABD /* Debug */ = {
			isa = XCBuildConfiguration;
			buildSettings = {
				ALWAYS_SEARCH_USER_PATHS = NO;
				CLANG_ANALYZER_NONNULL = YES;
				CLANG_CXX_LANGUAGE_STANDARD = "gnu++0x";
				CLANG_CXX_LIBRARY = "libc++";
				CLANG_ENABLE_MODULES = YES;
				CLANG_ENABLE_OBJC_ARC = YES;
				CLANG_WARN_BOOL_CONVERSION = YES;
				CLANG_WARN_CONSTANT_CONVERSION = YES;
				CLANG_WARN_DIRECT_OBJC_ISA_USAGE = YES_ERROR;
				CLANG_WARN_DOCUMENTATION_COMMENTS = YES;
				CLANG_WARN_EMPTY_BODY = YES;
				CLANG_WARN_ENUM_CONVERSION = YES;
				CLANG_WARN_INFINITE_RECURSION = YES;
				CLANG_WARN_INT_CONVERSION = YES;
				CLANG_WARN_OBJC_ROOT_CLASS = YES_ERROR;
				CLANG_WARN_SUSPICIOUS_MOVE = YES;
				CLANG_WARN_UNREACHABLE_CODE = YES;
				CLANG_WARN__DUPLICATE_METHOD_MATCH = YES;
				"CODE_SIGN_IDENTITY[sdk=iphoneos*]" = "iPhone Developer";
				COPY_PHASE_STRIP = NO;
				DEBUG_INFORMATION_FORMAT = dwarf;
				ENABLE_STRICT_OBJC_MSGSEND = YES;
				ENABLE_TESTABILITY = YES;
				GCC_C_LANGUAGE_STANDARD = gnu99;
				GCC_DYNAMIC_NO_PIC = NO;
				GCC_NO_COMMON_BLOCKS = YES;
				GCC_OPTIMIZATION_LEVEL = 0;
				GCC_PREPROCESSOR_DEFINITIONS = (
					"DEBUG=1",
					"$(inherited)",
				);
				GCC_WARN_64_TO_32_BIT_CONVERSION = YES;
				GCC_WARN_ABOUT_RETURN_TYPE = YES_ERROR;
				GCC_WARN_UNDECLARED_SELECTOR = YES;
				GCC_WARN_UNINITIALIZED_AUTOS = YES_AGGRESSIVE;
				GCC_WARN_UNUSED_FUNCTION = YES;
				GCC_WARN_UNUSED_VARIABLE = YES;
				IPHONEOS_DEPLOYMENT_TARGET = 10.2;
				MTL_ENABLE_DEBUG_INFO = YES;
				ONLY_ACTIVE_ARCH = YES;
				SDKROOT = iphoneos;
				SWIFT_ACTIVE_COMPILATION_CONDITIONS = DEBUG;
				SWIFT_OPTIMIZATION_LEVEL = "-Onone";
				TARGETED_DEVICE_FAMILY = "1,2";
			};
			name = Debug;
		};
		A387E6CB1E77C04000E15ABD /* Release */ = {
			isa = XCBuildConfiguration;
			buildSettings = {
				ALWAYS_SEARCH_USER_PATHS = NO;
				CLANG_ANALYZER_NONNULL = YES;
				CLANG_CXX_LANGUAGE_STANDARD = "gnu++0x";
				CLANG_CXX_LIBRARY = "libc++";
				CLANG_ENABLE_MODULES = YES;
				CLANG_ENABLE_OBJC_ARC = YES;
				CLANG_WARN_BOOL_CONVERSION = YES;
				CLANG_WARN_CONSTANT_CONVERSION = YES;
				CLANG_WARN_DIRECT_OBJC_ISA_USAGE = YES_ERROR;
				CLANG_WARN_DOCUMENTATION_COMMENTS = YES;
				CLANG_WARN_EMPTY_BODY = YES;
				CLANG_WARN_ENUM_CONVERSION = YES;
				CLANG_WARN_INFINITE_RECURSION = YES;
				CLANG_WARN_INT_CONVERSION = YES;
				CLANG_WARN_OBJC_ROOT_CLASS = YES_ERROR;
				CLANG_WARN_SUSPICIOUS_MOVE = YES;
				CLANG_WARN_UNREACHABLE_CODE = YES;
				CLANG_WARN__DUPLICATE_METHOD_MATCH = YES;
				"CODE_SIGN_IDENTITY[sdk=iphoneos*]" = "iPhone Developer";
				COPY_PHASE_STRIP = NO;
				DEBUG_INFORMATION_FORMAT = "dwarf-with-dsym";
				ENABLE_NS_ASSERTIONS = NO;
				ENABLE_STRICT_OBJC_MSGSEND = YES;
				GCC_C_LANGUAGE_STANDARD = gnu99;
				GCC_NO_COMMON_BLOCKS = YES;
				GCC_WARN_64_TO_32_BIT_CONVERSION = YES;
				GCC_WARN_ABOUT_RETURN_TYPE = YES_ERROR;
				GCC_WARN_UNDECLARED_SELECTOR = YES;
				GCC_WARN_UNINITIALIZED_AUTOS = YES_AGGRESSIVE;
				GCC_WARN_UNUSED_FUNCTION = YES;
				GCC_WARN_UNUSED_VARIABLE = YES;
				IPHONEOS_DEPLOYMENT_TARGET = 10.2;
				MTL_ENABLE_DEBUG_INFO = NO;
				SDKROOT = iphoneos;
				SWIFT_OPTIMIZATION_LEVEL = "-Owholemodule";
				TARGETED_DEVICE_FAMILY = "1,2";
				VALIDATE_PRODUCT = YES;
			};
			name = Release;
		};
		A387E6CD1E77C04000E15ABD /* Debug */ = {
			isa = XCBuildConfiguration;
			buildSettings = {
				ASSETCATALOG_COMPILER_APPICON_NAME = AppIcon;
				DEVELOPMENT_TEAM = 287V7UTN9V;
				INFOPLIST_FILE = Snapcat/Info.plist;
				LD_RUNPATH_SEARCH_PATHS = "$(inherited) @executable_path/Frameworks";
				PRODUCT_BUNDLE_IDENTIFIER = com.lukebrody.Snapcat;
				PRODUCT_NAME = "$(TARGET_NAME)";
				SWIFT_VERSION = 3.0;
			};
			name = Debug;
		};
		A387E6CE1E77C04000E15ABD /* Release */ = {
			isa = XCBuildConfiguration;
			buildSettings = {
				ASSETCATALOG_COMPILER_APPICON_NAME = AppIcon;
				DEVELOPMENT_TEAM = 287V7UTN9V;
				INFOPLIST_FILE = Snapcat/Info.plist;
				LD_RUNPATH_SEARCH_PATHS = "$(inherited) @executable_path/Frameworks";
				PRODUCT_BUNDLE_IDENTIFIER = com.lukebrody.Snapcat;
				PRODUCT_NAME = "$(TARGET_NAME)";
				SWIFT_VERSION = 3.0;
			};
			name = Release;
		};
/* End XCBuildConfiguration section */

/* Begin XCConfigurationList section */
		A387E6B51E77C03F00E15ABD /* Build configuration list for PBXProject "Snapcat" */ = {
			isa = XCConfigurationList;
			buildConfigurations = (
				A387E6CA1E77C04000E15ABD /* Debug */,
				A387E6CB1E77C04000E15ABD /* Release */,
			);
			defaultConfigurationIsVisible = 0;
			defaultConfigurationName = Release;
		};
		A387E6CC1E77C04000E15ABD /* Build configuration list for PBXNativeTarget "Snapcat" */ = {
			isa = XCConfigurationList;
			buildConfigurations = (
				A387E6CD1E77C04000E15ABD /* Debug */,
				A387E6CE1E77C04000E15ABD /* Release */,
			);
			defaultConfigurationIsVisible = 0;
		};
/* End XCConfigurationList section */
	};
	rootObject = A387E6B21E77C03F00E15ABD /* Project object */;
}
